{
  "name": "fake-module",
  "version": "0.0.0",
  "lockfileVersion": 1,
  "requires": true,
  "dependencies": {
    "gladys-lang": {
      "version": "1.0.1",
      "resolved": "https://registry.npmjs.org/gladys-lang/-/gladys-lang-1.0.1.tgz",
      "integrity": "sha512-xUmV+7CYImYkeR95mlO/OI5Nd4c+2oXN7ZHjsX+T9af6dIriPwc0EmvwGfBsh+b2Vb4mnX/5TDuuBXae9wdt3A=="
    }
  }
}
